// !$*UTF8*$!
{
	archiveVersion = 1;
	classes = {
	};
	objectVersion = 46;
	objects = {

/* Begin PBXBuildFile section */
		275040C21E8BEBE200D6C346 /* TextFieldMaxLength.swift in Sources */ = {isa = PBXBuildFile; fileRef = 275040C11E8BEBE200D6C346 /* TextFieldMaxLength.swift */; };
		27A3C0261E71D3A50078DDB1 /* main.m in Sources */ = {isa = PBXBuildFile; fileRef = 27A3C0251E71D3A50078DDB1 /* main.m */; };
		27A3C0291E71D3A50078DDB1 /* AppDelegate.m in Sources */ = {isa = PBXBuildFile; fileRef = 27A3C0281E71D3A50078DDB1 /* AppDelegate.m */; };
		27A3C02C1E71D3A50078DDB1 /* ViewController.m in Sources */ = {isa = PBXBuildFile; fileRef = 27A3C02B1E71D3A50078DDB1 /* ViewController.m */; };
		27A3C02F1E71D3A50078DDB1 /* Main.storyboard in Resources */ = {isa = PBXBuildFile; fileRef = 27A3C02D1E71D3A50078DDB1 /* Main.storyboard */; };
		27A3C0311E71D3A50078DDB1 /* Assets.xcassets in Resources */ = {isa = PBXBuildFile; fileRef = 27A3C0301E71D3A50078DDB1 /* Assets.xcassets */; };
		27A3C0341E71D3A50078DDB1 /* LaunchScreen.storyboard in Resources */ = {isa = PBXBuildFile; fileRef = 27A3C0321E71D3A50078DDB1 /* LaunchScreen.storyboard */; };
		27A3C03F1E71E3E30078DDB1 /* ShadowView.m in Sources */ = {isa = PBXBuildFile; fileRef = 27A3C03E1E71E3E30078DDB1 /* ShadowView.m */; };
		27A3C0421E71E5A00078DDB1 /* RoundedView.m in Sources */ = {isa = PBXBuildFile; fileRef = 27A3C0411E71E5A00078DDB1 /* RoundedView.m */; };
		27A3C0451E71ECCE0078DDB1 /* ToDoCell.m in Sources */ = {isa = PBXBuildFile; fileRef = 27A3C0441E71ECCE0078DDB1 /* ToDoCell.m */; };
		27A3C0491E721BEF0078DDB1 /* ToDoItem.m in Sources */ = {isa = PBXBuildFile; fileRef = 27A3C0481E721BEF0078DDB1 /* ToDoItem.m */; };
		27A3C04D1E72F17B0078DDB1 /* HTTPService.m in Sources */ = {isa = PBXBuildFile; fileRef = 27A3C04C1E72F17B0078DDB1 /* HTTPService.m */; };
/* End PBXBuildFile section */

/* Begin PBXFileReference section */
		275040C01E8BEBE200D6C346 /* toDo-Bridging-Header.h */ = {isa = PBXFileReference; lastKnownFileType = sourcecode.c.h; path = "toDo-Bridging-Header.h"; sourceTree = "<group>"; };
		275040C11E8BEBE200D6C346 /* TextFieldMaxLength.swift */ = {isa = PBXFileReference; fileEncoding = 4; lastKnownFileType = sourcecode.swift; path = TextFieldMaxLength.swift; sourceTree = "<group>"; };
		27A3C0211E71D3A50078DDB1 /* toDo.app */ = {isa = PBXFileReference; explicitFileType = wrapper.application; includeInIndex = 0; path = toDo.app; sourceTree = BUILT_PRODUCTS_DIR; };
		27A3C0251E71D3A50078DDB1 /* main.m */ = {isa = PBXFileReference; lastKnownFileType = sourcecode.c.objc; path = main.m; sourceTree = "<group>"; };
		27A3C0271E71D3A50078DDB1 /* AppDelegate.h */ = {isa = PBXFileReference; lastKnownFileType = sourcecode.c.h; path = AppDelegate.h; sourceTree = "<group>"; };
		27A3C0281E71D3A50078DDB1 /* AppDelegate.m */ = {isa = PBXFileReference; lastKnownFileType = sourcecode.c.objc; path = AppDelegate.m; sourceTree = "<group>"; };
		27A3C02A1E71D3A50078DDB1 /* ViewController.h */ = {isa = PBXFileReference; lastKnownFileType = sourcecode.c.h; path = ViewController.h; sourceTree = "<group>"; };
		27A3C02B1E71D3A50078DDB1 /* ViewController.m */ = {isa = PBXFileReference; lastKnownFileType = sourcecode.c.objc; path = ViewController.m; sourceTree = "<group>"; };
		27A3C02E1E71D3A50078DDB1 /* Base */ = {isa = PBXFileReference; lastKnownFileType = file.storyboard; name = Base; path = Base.lproj/Main.storyboard; sourceTree = "<group>"; };
		27A3C0301E71D3A50078DDB1 /* Assets.xcassets */ = {isa = PBXFileReference; lastKnownFileType = folder.assetcatalog; path = Assets.xcassets; sourceTree = "<group>"; };
		27A3C0331E71D3A50078DDB1 /* Base */ = {isa = PBXFileReference; lastKnownFileType = file.storyboard; name = Base; path = Base.lproj/LaunchScreen.storyboard; sourceTree = "<group>"; };
		27A3C0351E71D3A50078DDB1 /* Info.plist */ = {isa = PBXFileReference; lastKnownFileType = text.plist.xml; path = Info.plist; sourceTree = "<group>"; };
		27A3C03D1E71E3E20078DDB1 /* ShadowView.h */ = {isa = PBXFileReference; fileEncoding = 4; lastKnownFileType = sourcecode.c.h; path = ShadowView.h; sourceTree = "<group>"; };
		27A3C03E1E71E3E30078DDB1 /* ShadowView.m */ = {isa = PBXFileReference; fileEncoding = 4; lastKnownFileType = sourcecode.c.objc; path = ShadowView.m; sourceTree = "<group>"; };
		27A3C0401E71E5A00078DDB1 /* RoundedView.h */ = {isa = PBXFileReference; fileEncoding = 4; lastKnownFileType = sourcecode.c.h; path = RoundedView.h; sourceTree = "<group>"; };
		27A3C0411E71E5A00078DDB1 /* RoundedView.m */ = {isa = PBXFileReference; fileEncoding = 4; lastKnownFileType = sourcecode.c.objc; path = RoundedView.m; sourceTree = "<group>"; };
		27A3C0431E71ECCE0078DDB1 /* ToDoCell.h */ = {isa = PBXFileReference; fileEncoding = 4; lastKnownFileType = sourcecode.c.h; path = ToDoCell.h; sourceTree = "<group>"; };
		27A3C0441E71ECCE0078DDB1 /* ToDoCell.m */ = {isa = PBXFileReference; fileEncoding = 4; lastKnownFileType = sourcecode.c.objc; path = ToDoCell.m; sourceTree = "<group>"; };
		27A3C0471E721BEF0078DDB1 /* ToDoItem.h */ = {isa = PBXFileReference; fileEncoding = 4; lastKnownFileType = sourcecode.c.h; path = ToDoItem.h; sourceTree = "<group>"; };
		27A3C0481E721BEF0078DDB1 /* ToDoItem.m */ = {isa = PBXFileReference; fileEncoding = 4; lastKnownFileType = sourcecode.c.objc; path = ToDoItem.m; sourceTree = "<group>"; };
		27A3C04B1E72F17B0078DDB1 /* HTTPService.h */ = {isa = PBXFileReference; fileEncoding = 4; lastKnownFileType = sourcecode.c.h; path = HTTPService.h; sourceTree = "<group>"; };
		27A3C04C1E72F17B0078DDB1 /* HTTPService.m */ = {isa = PBXFileReference; fileEncoding = 4; lastKnownFileType = sourcecode.c.objc; path = HTTPService.m; sourceTree = "<group>"; };
/* End PBXFileReference section */

/* Begin PBXFrameworksBuildPhase section */
		27A3C01E1E71D3A50078DDB1 /* Frameworks */ = {
			isa = PBXFrameworksBuildPhase;
			buildActionMask = 2147483647;
			files = (
			);
			runOnlyForDeploymentPostprocessing = 0;
		};
/* End PBXFrameworksBuildPhase section */

/* Begin PBXGroup section */
		27A3C0181E71D3A50078DDB1 = {
			isa = PBXGroup;
			children = (
				27A3C0231E71D3A50078DDB1 /* toDo */,
				27A3C0221E71D3A50078DDB1 /* Products */,
			);
			sourceTree = "<group>";
		};
		27A3C0221E71D3A50078DDB1 /* Products */ = {
			isa = PBXGroup;
			children = (
				27A3C0211E71D3A50078DDB1 /* toDo.app */,
			);
			name = Products;
			sourceTree = "<group>";
		};
		27A3C0231E71D3A50078DDB1 /* toDo */ = {
			isa = PBXGroup;
			children = (
				27A3C04A1E72F14C0078DDB1 /* Services */,
				27A3C0461E721BD30078DDB1 /* Model */,
				27A3C03C1E71E3C40078DDB1 /* View */,
				27A3C03B1E71E3B50078DDB1 /* Controller */,
				27A3C0271E71D3A50078DDB1 /* AppDelegate.h */,
				27A3C0281E71D3A50078DDB1 /* AppDelegate.m */,
				27A3C02D1E71D3A50078DDB1 /* Main.storyboard */,
				27A3C0301E71D3A50078DDB1 /* Assets.xcassets */,
				27A3C0321E71D3A50078DDB1 /* LaunchScreen.storyboard */,
				27A3C0351E71D3A50078DDB1 /* Info.plist */,
				27A3C0241E71D3A50078DDB1 /* Supporting Files */,
			);
			path = toDo;
			sourceTree = "<group>";
		};
		27A3C0241E71D3A50078DDB1 /* Supporting Files */ = {
			isa = PBXGroup;
			children = (
				27A3C0251E71D3A50078DDB1 /* main.m */,
			);
			name = "Supporting Files";
			sourceTree = "<group>";
		};
		27A3C03B1E71E3B50078DDB1 /* Controller */ = {
			isa = PBXGroup;
			children = (
				27A3C02A1E71D3A50078DDB1 /* ViewController.h */,
				27A3C02B1E71D3A50078DDB1 /* ViewController.m */,
			);
			name = Controller;
			sourceTree = "<group>";
		};
		27A3C03C1E71E3C40078DDB1 /* View */ = {
			isa = PBXGroup;
			children = (
				27A3C03D1E71E3E20078DDB1 /* ShadowView.h */,
				27A3C03E1E71E3E30078DDB1 /* ShadowView.m */,
				27A3C0401E71E5A00078DDB1 /* RoundedView.h */,
				27A3C0411E71E5A00078DDB1 /* RoundedView.m */,
				27A3C0431E71ECCE0078DDB1 /* ToDoCell.h */,
				27A3C0441E71ECCE0078DDB1 /* ToDoCell.m */,
				275040C11E8BEBE200D6C346 /* TextFieldMaxLength.swift */,
				275040C01E8BEBE200D6C346 /* toDo-Bridging-Header.h */,
			);
			name = View;
			sourceTree = "<group>";
		};
		27A3C0461E721BD30078DDB1 /* Model */ = {
			isa = PBXGroup;
			children = (
				27A3C0471E721BEF0078DDB1 /* ToDoItem.h */,
				27A3C0481E721BEF0078DDB1 /* ToDoItem.m */,
			);
			name = Model;
			sourceTree = "<group>";
		};
		27A3C04A1E72F14C0078DDB1 /* Services */ = {
			isa = PBXGroup;
			children = (
				27A3C04B1E72F17B0078DDB1 /* HTTPService.h */,
				27A3C04C1E72F17B0078DDB1 /* HTTPService.m */,
			);
			name = Services;
			sourceTree = "<group>";
		};
/* End PBXGroup section */

/* Begin PBXNativeTarget section */
		27A3C0201E71D3A50078DDB1 /* toDo */ = {
			isa = PBXNativeTarget;
			buildConfigurationList = 27A3C0381E71D3A50078DDB1 /* Build configuration list for PBXNativeTarget "toDo" */;
			buildPhases = (
				27A3C01D1E71D3A50078DDB1 /* Sources */,
				27A3C01E1E71D3A50078DDB1 /* Frameworks */,
				27A3C01F1E71D3A50078DDB1 /* Resources */,
			);
			buildRules = (
			);
			dependencies = (
			);
			name = toDo;
			productName = toDo;
			productReference = 27A3C0211E71D3A50078DDB1 /* toDo.app */;
			productType = "com.apple.product-type.application";
		};
/* End PBXNativeTarget section */

/* Begin PBXProject section */
		27A3C0191E71D3A50078DDB1 /* Project object */ = {
			isa = PBXProject;
			attributes = {
				LastUpgradeCheck = 0820;
				ORGANIZATIONNAME = "Rebekah Baker";
				TargetAttributes = {
					27A3C0201E71D3A50078DDB1 = {
						CreatedOnToolsVersion = 8.2.1;
						DevelopmentTeam = PYE5SX7JJS;
						LastSwiftMigration = 0820;
						ProvisioningStyle = Automatic;
					};
				};
			};
			buildConfigurationList = 27A3C01C1E71D3A50078DDB1 /* Build configuration list for PBXProject "toDo" */;
			compatibilityVersion = "Xcode 3.2";
			developmentRegion = English;
			hasScannedForEncodings = 0;
			knownRegions = (
				en,
				Base,
			);
			mainGroup = 27A3C0181E71D3A50078DDB1;
			productRefGroup = 27A3C0221E71D3A50078DDB1 /* Products */;
			projectDirPath = "";
			projectRoot = "";
			targets = (
				27A3C0201E71D3A50078DDB1 /* toDo */,
			);
		};
/* End PBXProject section */

/* Begin PBXResourcesBuildPhase section */
		27A3C01F1E71D3A50078DDB1 /* Resources */ = {
			isa = PBXResourcesBuildPhase;
			buildActionMask = 2147483647;
			files = (
				27A3C0341E71D3A50078DDB1 /* LaunchScreen.storyboard in Resources */,
				27A3C0311E71D3A50078DDB1 /* Assets.xcassets in Resources */,
				27A3C02F1E71D3A50078DDB1 /* Main.storyboard in Resources */,
			);
			runOnlyForDeploymentPostprocessing = 0;
		};
/* End PBXResourcesBuildPhase section */

/* Begin PBXSourcesBuildPhase section */
		27A3C01D1E71D3A50078DDB1 /* Sources */ = {
			isa = PBXSourcesBuildPhase;
			buildActionMask = 2147483647;
			files = (
				27A3C03F1E71E3E30078DDB1 /* ShadowView.m in Sources */,
				27A3C04D1E72F17B0078DDB1 /* HTTPService.m in Sources */,
				27A3C02C1E71D3A50078DDB1 /* ViewController.m in Sources */,
				275040C21E8BEBE200D6C346 /* TextFieldMaxLength.swift in Sources */,
				27A3C0491E721BEF0078DDB1 /* ToDoItem.m in Sources */,
				27A3C0291E71D3A50078DDB1 /* AppDelegate.m in Sources */,
				27A3C0421E71E5A00078DDB1 /* RoundedView.m in Sources */,
				27A3C0261E71D3A50078DDB1 /* main.m in Sources */,
				27A3C0451E71ECCE0078DDB1 /* ToDoCell.m in Sources */,
			);
			runOnlyForDeploymentPostprocessing = 0;
		};
/* End PBXSourcesBuildPhase section */

/* Begin PBXVariantGroup section */
		27A3C02D1E71D3A50078DDB1 /* Main.storyboard */ = {
			isa = PBXVariantGroup;
			children = (
				27A3C02E1E71D3A50078DDB1 /* Base */,
			);
			name = Main.storyboard;
			sourceTree = "<group>";
		};
		27A3C0321E71D3A50078DDB1 /* LaunchScreen.storyboard */ = {
			isa = PBXVariantGroup;
			children = (
				27A3C0331E71D3A50078DDB1 /* Base */,
			);
			name = LaunchScreen.storyboard;
			sourceTree = "<group>";
		};
/* End PBXVariantGroup section */

/* Begin XCBuildConfiguration section */
		27A3C0361E71D3A50078DDB1 /* Debug */ = {
			isa = XCBuildConfiguration;
			buildSettings = {
				ALWAYS_SEARCH_USER_PATHS = NO;
				CLANG_ANALYZER_NONNULL = YES;
				CLANG_CXX_LANGUAGE_STANDARD = "gnu++0x";
				CLANG_CXX_LIBRARY = "libc++";
				CLANG_ENABLE_MODULES = YES;
				CLANG_ENABLE_OBJC_ARC = YES;
				CLANG_WARN_BOOL_CONVERSION = YES;
				CLANG_WARN_CONSTANT_CONVERSION = YES;
				CLANG_WARN_DIRECT_OBJC_ISA_USAGE = YES_ERROR;
				CLANG_WARN_DOCUMENTATION_COMMENTS = YES;
				CLANG_WARN_EMPTY_BODY = YES;
				CLANG_WARN_ENUM_CONVERSION = YES;
				CLANG_WARN_INFINITE_RECURSION = YES;
				CLANG_WARN_INT_CONVERSION = YES;
				CLANG_WARN_OBJC_ROOT_CLASS = YES_ERROR;
				CLANG_WARN_SUSPICIOUS_MOVE = YES;
				CLANG_WARN_UNREACHABLE_CODE = YES;
				CLANG_WARN__DUPLICATE_METHOD_MATCH = YES;
				"CODE_SIGN_IDENTITY[sdk=iphoneos*]" = "iPhone Developer";
				COPY_PHASE_STRIP = NO;
				DEBUG_INFORMATION_FORMAT = dwarf;
				ENABLE_STRICT_OBJC_MSGSEND = YES;
				ENABLE_TESTABILITY = YES;
				GCC_C_LANGUAGE_STANDARD = gnu99;
				GCC_DYNAMIC_NO_PIC = NO;
				GCC_NO_COMMON_BLOCKS = YES;
				GCC_OPTIMIZATION_LEVEL = 0;
				GCC_PREPROCESSOR_DEFINITIONS = (
					"DEBUG=1",
					"$(inherited)",
				);
				GCC_WARN_64_TO_32_BIT_CONVERSION = YES;
				GCC_WARN_ABOUT_RETURN_TYPE = YES_ERROR;
				GCC_WARN_UNDECLARED_SELECTOR = YES;
				GCC_WARN_UNINITIALIZED_AUTOS = YES_AGGRESSIVE;
				GCC_WARN_UNUSED_FUNCTION = YES;
				GCC_WARN_UNUSED_VARIABLE = YES;
				IPHONEOS_DEPLOYMENT_TARGET = 10.2;
				MTL_ENABLE_DEBUG_INFO = YES;
				ONLY_ACTIVE_ARCH = YES;
				SDKROOT = iphoneos;
				TARGETED_DEVICE_FAMILY = "1,2";
			};
			name = Debug;
		};
		27A3C0371E71D3A50078DDB1 /* Release */ = {
			isa = XCBuildConfiguration;
			buildSettings = {
				ALWAYS_SEARCH_USER_PATHS = NO;
				CLANG_ANALYZER_NONNULL = YES;
				CLANG_CXX_LANGUAGE_STANDARD = "gnu++0x";
				CLANG_CXX_LIBRARY = "libc++";
				CLANG_ENABLE_MODULES = YES;
				CLANG_ENABLE_OBJC_ARC = YES;
				CLANG_WARN_BOOL_CONVERSION = YES;
				CLANG_WARN_CONSTANT_CONVERSION = YES;
				CLANG_WARN_DIRECT_OBJC_ISA_USAGE = YES_ERROR;
				CLANG_WARN_DOCUMENTATION_COMMENTS = YES;
				CLANG_WARN_EMPTY_BODY = YES;
				CLANG_WARN_ENUM_CONVERSION = YES;
				CLANG_WARN_INFINITE_RECURSION = YES;
				CLANG_WARN_INT_CONVERSION = YES;
				CLANG_WARN_OBJC_ROOT_CLASS = YES_ERROR;
				CLANG_WARN_SUSPICIOUS_MOVE = YES;
				CLANG_WARN_UNREACHABLE_CODE = YES;
				CLANG_WARN__DUPLICATE_METHOD_MATCH = YES;
				"CODE_SIGN_IDENTITY[sdk=iphoneos*]" = "iPhone Developer";
				COPY_PHASE_STRIP = NO;
				DEBUG_INFORMATION_FORMAT = "dwarf-with-dsym";
				ENABLE_NS_ASSERTIONS = NO;
				ENABLE_STRICT_OBJC_MSGSEND = YES;
				GCC_C_LANGUAGE_STANDARD = gnu99;
				GCC_NO_COMMON_BLOCKS = YES;
				GCC_WARN_64_TO_32_BIT_CONVERSION = YES;
				GCC_WARN_ABOUT_RETURN_TYPE = YES_ERROR;
				GCC_WARN_UNDECLARED_SELECTOR = YES;
				GCC_WARN_UNINITIALIZED_AUTOS = YES_AGGRESSIVE;
				GCC_WARN_UNUSED_FUNCTION = YES;
				GCC_WARN_UNUSED_VARIABLE = YES;
				IPHONEOS_DEPLOYMENT_TARGET = 10.2;
				MTL_ENABLE_DEBUG_INFO = NO;
				SDKROOT = iphoneos;
				TARGETED_DEVICE_FAMILY = "1,2";
				VALIDATE_PRODUCT = YES;
			};
			name = Release;
		};
		27A3C0391E71D3A50078DDB1 /* Debug */ = {
			isa = XCBuildConfiguration;
			buildSettings = {
				ASSETCATALOG_COMPILER_APPICON_NAME = AppIcon;
				CLANG_ENABLE_MODULES = YES;
				DEVELOPMENT_TEAM = PYE5SX7JJS;
				INFOPLIST_FILE = toDo/Info.plist;
				LD_RUNPATH_SEARCH_PATHS = "$(inherited) @executable_path/Frameworks";
				PRODUCT_BUNDLE_IDENTIFIER = com.bekahlynnbaker.toDo;
				PRODUCT_NAME = "$(TARGET_NAME)";
				SWIFT_OBJC_BRIDGING_HEADER = "toDo/toDo-Bridging-Header.h";
				SWIFT_OPTIMIZATION_LEVEL = "-Onone";
				SWIFT_VERSION = 3.0;
			};
			name = Debug;
		};
		27A3C03A1E71D3A50078DDB1 /* Release */ = {
			isa = XCBuildConfiguration;
			buildSettings = {
				ASSETCATALOG_COMPILER_APPICON_NAME = AppIcon;
				CLANG_ENABLE_MODULES = YES;
				DEVELOPMENT_TEAM = PYE5SX7JJS;
				INFOPLIST_FILE = toDo/Info.plist;
				LD_RUNPATH_SEARCH_PATHS = "$(inherited) @executable_path/Frameworks";
				PRODUCT_BUNDLE_IDENTIFIER = com.bekahlynnbaker.toDo;
				PRODUCT_NAME = "$(TARGET_NAME)";
				SWIFT_OBJC_BRIDGING_HEADER = "toDo/toDo-Bridging-Header.h";
				SWIFT_VERSION = 3.0;
			};
			name = Release;
		};
/* End XCBuildConfiguration section */

/* Begin XCConfigurationList section */
		27A3C01C1E71D3A50078DDB1 /* Build configuration list for PBXProject "toDo" */ = {
			isa = XCConfigurationList;
			buildConfigurations = (
				27A3C0361E71D3A50078DDB1 /* Debug */,
				27A3C0371E71D3A50078DDB1 /* Release */,
			);
			defaultConfigurationIsVisible = 0;
			defaultConfigurationName = Release;
		};
		27A3C0381E71D3A50078DDB1 /* Build configuration list for PBXNativeTarget "toDo" */ = {
			isa = XCConfigurationList;
			buildConfigurations = (
				27A3C0391E71D3A50078DDB1 /* Debug */,
				27A3C03A1E71D3A50078DDB1 /* Release */,
			);
			defaultConfigurationIsVisible = 0;
			defaultConfigurationName = Release;
		};
/* End XCConfigurationList section */
	};
	rootObject = 27A3C0191E71D3A50078DDB1 /* Project object */;
}
